
Microsoft Visual Studio Solution File, Format Version 12.00
# Visual Studio Version 17
VisualStudioVersion = 17.14.36623.8 d17.14
MinimumVisualStudioVersion = 10.0.40219.1
Project("{FAE04EC0-301F-11D3-BF4B-00C04F79EFBC}") = "Controls, Properties and Events", "Controls, Properties and Events\Controls, Properties and Events.csproj", "{311C730A-1BF1-4568-9AD9-B60FB370FF67}"
EndProject
Global
	GlobalSection(SolutionConfigurationPlatforms) = preSolution
		Debug|Any CPU = Debug|Any CPU
		Release|Any CPU = Release|Any CPU
	EndGlobalSection
	GlobalSection(ProjectConfigurationPlatforms) = postSolution
		{311C730A-1BF1-4568-9AD9-B60FB370FF67}.Debug|Any CPU.ActiveCfg = Debug|Any CPU
		{311C730A-1BF1-4568-9AD9-B60FB370FF67}.Debug|Any CPU.Build.0 = Debug|Any CPU
		{311C730A-1BF1-4568-9AD9-B60FB370FF67}.Release|Any CPU.ActiveCfg = Release|Any CPU
		{311C730A-1BF1-4568-9AD9-B60FB370FF67}.Release|Any CPU.Build.0 = Release|Any CPU
	EndGlobalSection
	GlobalSection(SolutionProperties) = preSolution
		HideSolutionNode = FALSE
	EndGlobalSection
	GlobalSection(ExtensibilityGlobals) = postSolution
		SolutionGuid = {E0BEAD27-3FBA-4475-9484-49585733E5D3}
	EndGlobalSection
EndGlobal
